
Microsoft Visual Studio Solution File, Format Version 12.00
# Visual Studio Version 17
VisualStudioVersion = 17.4.33205.214
MinimumVisualStudioVersion = 10.0.40219.1
Project("{FAE04EC0-301F-11D3-BF4B-00C04F79EFBC}") = "Instalaciondeentorno", "Instalaciondeentorno\Instalaciondeentorno.csproj", "{37E89EF9-209E-4B84-9EAD-471AB25DBD40}"
EndProject
Global
	GlobalSection(SolutionConfigurationPlatforms) = preSolution
		Debug|Any CPU = Debug|Any CPU
		Release|Any CPU = Release|Any CPU
	EndGlobalSection
	GlobalSection(ProjectConfigurationPlatforms) = postSolution
		{37E89EF9-209E-4B84-9EAD-471AB25DBD40}.Debug|Any CPU.ActiveCfg = Debug|Any CPU
		{37E89EF9-209E-4B84-9EAD-471AB25DBD40}.Debug|Any CPU.Build.0 = Debug|Any CPU
		{37E89EF9-209E-4B84-9EAD-471AB25DBD40}.Release|Any CPU.ActiveCfg = Release|Any CPU
		{37E89EF9-209E-4B84-9EAD-471AB25DBD40}.Release|Any CPU.Build.0 = Release|Any CPU
	EndGlobalSection
	GlobalSection(SolutionProperties) = preSolution
		HideSolutionNode = FALSE
	EndGlobalSection
	GlobalSection(ExtensibilityGlobals) = postSolution
		SolutionGuid = {5938B76A-8FED-4479-BDF5-23182416BCAE}
	EndGlobalSection
EndGlobal
